<?xml version="1.0" encoding="UTF-8"?>
<CodeBlocks_project_file>
	<FileVersion major="1" minor="6"/>
	<Project>
		<Option title="quickjs"/>
		<Option makefile_is_custom="1"/>
		<Option compiler="gcc"/>
		<Option virtualFolders="CMake Files\;"/>
		<Build>
			<Target title="all">
				<Option working_dir="D:/Projects/quickjs/quickjs-master/master"/>
				<Option type="4"/>
				<MakeCommands>
					<Build command="D:/codeblocks-25.03mingw-nosetup/MinGW/bin/mingw32-make.exe -f &quot;D:/Projects/quickjs/quickjs-master/master/Makefile&quot;  VERBOSE=1 all"/>
					<CompileFile command="D:/codeblocks-25.03mingw-nosetup/MinGW/bin/mingw32-make.exe -f &quot;D:/Projects/quickjs/quickjs-master/master/Makefile&quot;  VERBOSE=1 &quot;$file&quot;"/>
					<Clean command="D:/codeblocks-25.03mingw-nosetup/MinGW/bin/mingw32-make.exe -f &quot;D:/Projects/quickjs/quickjs-master/master/Makefile&quot;  VERBOSE=1 clean"/>
					<DistClean command="D:/codeblocks-25.03mingw-nosetup/MinGW/bin/mingw32-make.exe -f &quot;D:/Projects/quickjs/quickjs-master/master/Makefile&quot;  VERBOSE=1 clean"/>
				</MakeCommands>
			</Target>
			<Target title="qjs">
				<Option output="D:/Projects/quickjs/quickjs-master/master/libqjs.a" prefix_auto="0" extension_auto="0"/>
				<Option working_dir="D:/Projects/quickjs/quickjs-master/master"/>
				<Option object_output="./"/>
				<Option type="2"/>
				<Option compiler="gcc"/>
				<Compiler>
					<Add option="-D_GNU_SOURCE"/>
					<Add option="-DWIN32_LEAN_AND_MEAN"/>
					<Add option="-D_WIN32_WINNT=0x0601"/>
					<Add option="-DQJS_BUILD_EXAMPLES"/>
					<Add option="-DQJS_BUILD_CLI_STATIC"/>
					<Add directory="D:/Projects/quickjs/quickjs-master"/>
					<Add directory="D:/codeblocks-25.03mingw-nosetup/MinGW/bin/../lib/gcc/x86_64-w64-mingw32/14.2.0/include"/>
					<Add directory="D:/codeblocks-25.03mingw-nosetup/MinGW/bin/../lib/gcc/x86_64-w64-mingw32/14.2.0/../../../../include"/>
					<Add directory="D:/codeblocks-25.03mingw-nosetup/MinGW/bin/../lib/gcc/x86_64-w64-mingw32/14.2.0/include-fixed"/>
					<Add directory="D:/codeblocks-25.03mingw-nosetup/MinGW/bin/../lib/gcc/x86_64-w64-mingw32/14.2.0/../../../../x86_64-w64-mingw32/include"/>
				</Compiler>
				<MakeCommands>
					<Build command="D:/codeblocks-25.03mingw-nosetup/MinGW/bin/mingw32-make.exe -f &quot;D:/Projects/quickjs/quickjs-master/master/Makefile&quot;  VERBOSE=1 qjs"/>
					<CompileFile command="D:/codeblocks-25.03mingw-nosetup/MinGW/bin/mingw32-make.exe -f &quot;D:/Projects/quickjs/quickjs-master/master/Makefile&quot;  VERBOSE=1 &quot;$file&quot;"/>
					<Clean command="D:/codeblocks-25.03mingw-nosetup/MinGW/bin/mingw32-make.exe -f &quot;D:/Projects/quickjs/quickjs-master/master/Makefile&quot;  VERBOSE=1 clean"/>
					<DistClean command="D:/codeblocks-25.03mingw-nosetup/MinGW/bin/mingw32-make.exe -f &quot;D:/Projects/quickjs/quickjs-master/master/Makefile&quot;  VERBOSE=1 clean"/>
				</MakeCommands>
			</Target>
			<Target title="qjs/fast">
				<Option output="D:/Projects/quickjs/quickjs-master/master/libqjs.a" prefix_auto="0" extension_auto="0"/>
				<Option working_dir="D:/Projects/quickjs/quickjs-master/master"/>
				<Option object_output="./"/>
				<Option type="2"/>
				<Option compiler="gcc"/>
				<Compiler>
					<Add option="-D_GNU_SOURCE"/>
					<Add option="-DWIN32_LEAN_AND_MEAN"/>
					<Add option="-D_WIN32_WINNT=0x0601"/>
					<Add option="-DQJS_BUILD_EXAMPLES"/>
					<Add option="-DQJS_BUILD_CLI_STATIC"/>
					<Add directory="D:/Projects/quickjs/quickjs-master"/>
					<Add directory="D:/codeblocks-25.03mingw-nosetup/MinGW/bin/../lib/gcc/x86_64-w64-mingw32/14.2.0/include"/>
					<Add directory="D:/codeblocks-25.03mingw-nosetup/MinGW/bin/../lib/gcc/x86_64-w64-mingw32/14.2.0/../../../../include"/>
					<Add directory="D:/codeblocks-25.03mingw-nosetup/MinGW/bin/../lib/gcc/x86_64-w64-mingw32/14.2.0/include-fixed"/>
					<Add directory="D:/codeblocks-25.03mingw-nosetup/MinGW/bin/../lib/gcc/x86_64-w64-mingw32/14.2.0/../../../../x86_64-w64-mingw32/include"/>
				</Compiler>
				<MakeCommands>
					<Build command="D:/codeblocks-25.03mingw-nosetup/MinGW/bin/mingw32-make.exe -f &quot;D:/Projects/quickjs/quickjs-master/master/Makefile&quot;  VERBOSE=1 qjs/fast"/>
					<CompileFile command="D:/codeblocks-25.03mingw-nosetup/MinGW/bin/mingw32-make.exe -f &quot;D:/Projects/quickjs/quickjs-master/master/Makefile&quot;  VERBOSE=1 &quot;$file&quot;"/>
					<Clean command="D:/codeblocks-25.03mingw-nosetup/MinGW/bin/mingw32-make.exe -f &quot;D:/Projects/quickjs/quickjs-master/master/Makefile&quot;  VERBOSE=1 clean"/>
					<DistClean command="D:/codeblocks-25.03mingw-nosetup/MinGW/bin/mingw32-make.exe -f &quot;D:/Projects/quickjs/quickjs-master/master/Makefile&quot;  VERBOSE=1 clean"/>
				</MakeCommands>
			</Target>
			<Target title="qjsc">
				<Option output="D:/Projects/quickjs/quickjs-master/master/qjsc.exe" prefix_auto="0" extension_auto="0"/>
				<Option working_dir="D:/Projects/quickjs/quickjs-master/master"/>
				<Option object_output="./"/>
				<Option type="1"/>
				<Option compiler="gcc"/>
				<Compiler>
					<Add option="-D_GNU_SOURCE"/>
					<Add option="-DWIN32_LEAN_AND_MEAN"/>
					<Add option="-D_WIN32_WINNT=0x0601"/>
					<Add option="-DQJS_BUILD_EXAMPLES"/>
					<Add option="-DQJS_BUILD_CLI_STATIC"/>
					<Add directory="D:/Projects/quickjs/quickjs-master"/>
					<Add directory="D:/codeblocks-25.03mingw-nosetup/MinGW/bin/../lib/gcc/x86_64-w64-mingw32/14.2.0/include"/>
					<Add directory="D:/codeblocks-25.03mingw-nosetup/MinGW/bin/../lib/gcc/x86_64-w64-mingw32/14.2.0/../../../../include"/>
					<Add directory="D:/codeblocks-25.03mingw-nosetup/MinGW/bin/../lib/gcc/x86_64-w64-mingw32/14.2.0/include-fixed"/>
					<Add directory="D:/codeblocks-25.03mingw-nosetup/MinGW/bin/../lib/gcc/x86_64-w64-mingw32/14.2.0/../../../../x86_64-w64-mingw32/include"/>
				</Compiler>
				<MakeCommands>
					<Build command="D:/codeblocks-25.03mingw-nosetup/MinGW/bin/mingw32-make.exe -f &quot;D:/Projects/quickjs/quickjs-master/master/Makefile&quot;  VERBOSE=1 qjsc"/>
					<CompileFile command="D:/codeblocks-25.03mingw-nosetup/MinGW/bin/mingw32-make.exe -f &quot;D:/Projects/quickjs/quickjs-master/master/Makefile&quot;  VERBOSE=1 &quot;$file&quot;"/>
					<Clean command="D:/codeblocks-25.03mingw-nosetup/MinGW/bin/mingw32-make.exe -f &quot;D:/Projects/quickjs/quickjs-master/master/Makefile&quot;  VERBOSE=1 clean"/>
					<DistClean command="D:/codeblocks-25.03mingw-nosetup/MinGW/bin/mingw32-make.exe -f &quot;D:/Projects/quickjs/quickjs-master/master/Makefile&quot;  VERBOSE=1 clean"/>
				</MakeCommands>
			</Target>
			<Target title="qjsc/fast">
				<Option output="D:/Projects/quickjs/quickjs-master/master/qjsc.exe" prefix_auto="0" extension_auto="0"/>
				<Option working_dir="D:/Projects/quickjs/quickjs-master/master"/>
				<Option object_output="./"/>
				<Option type="1"/>
				<Option compiler="gcc"/>
				<Compiler>
					<Add option="-D_GNU_SOURCE"/>
					<Add option="-DWIN32_LEAN_AND_MEAN"/>
					<Add option="-D_WIN32_WINNT=0x0601"/>
					<Add option="-DQJS_BUILD_EXAMPLES"/>
					<Add option="-DQJS_BUILD_CLI_STATIC"/>
					<Add directory="D:/Projects/quickjs/quickjs-master"/>
					<Add directory="D:/codeblocks-25.03mingw-nosetup/MinGW/bin/../lib/gcc/x86_64-w64-mingw32/14.2.0/include"/>
					<Add directory="D:/codeblocks-25.03mingw-nosetup/MinGW/bin/../lib/gcc/x86_64-w64-mingw32/14.2.0/../../../../include"/>
					<Add directory="D:/codeblocks-25.03mingw-nosetup/MinGW/bin/../lib/gcc/x86_64-w64-mingw32/14.2.0/include-fixed"/>
					<Add directory="D:/codeblocks-25.03mingw-nosetup/MinGW/bin/../lib/gcc/x86_64-w64-mingw32/14.2.0/../../../../x86_64-w64-mingw32/include"/>
				</Compiler>
				<MakeCommands>
					<Build command="D:/codeblocks-25.03mingw-nosetup/MinGW/bin/mingw32-make.exe -f &quot;D:/Projects/quickjs/quickjs-master/master/Makefile&quot;  VERBOSE=1 qjsc/fast"/>
					<CompileFile command="D:/codeblocks-25.03mingw-nosetup/MinGW/bin/mingw32-make.exe -f &quot;D:/Projects/quickjs/quickjs-master/master/Makefile&quot;  VERBOSE=1 &quot;$file&quot;"/>
					<Clean command="D:/codeblocks-25.03mingw-nosetup/MinGW/bin/mingw32-make.exe -f &quot;D:/Projects/quickjs/quickjs-master/master/Makefile&quot;  VERBOSE=1 clean"/>
					<DistClean command="D:/codeblocks-25.03mingw-nosetup/MinGW/bin/mingw32-make.exe -f &quot;D:/Projects/quickjs/quickjs-master/master/Makefile&quot;  VERBOSE=1 clean"/>
				</MakeCommands>
			</Target>
			<Target title="qjar">
				<Option output="D:/Projects/quickjs/quickjs-master/master/qjar.exe" prefix_auto="0" extension_auto="0"/>
				<Option working_dir="D:/Projects/quickjs/quickjs-master/master"/>
				<Option object_output="./"/>
				<Option type="1"/>
				<Option compiler="gcc"/>
				<Compiler>
					<Add option="-D_GNU_SOURCE"/>
					<Add option="-DWIN32_LEAN_AND_MEAN"/>
					<Add option="-D_WIN32_WINNT=0x0601"/>
					<Add option="-DQJS_BUILD_EXAMPLES"/>
					<Add option="-DQJS_BUILD_CLI_STATIC"/>
					<Add directory="D:/Projects/quickjs/quickjs-master"/>
					<Add directory="D:/codeblocks-25.03mingw-nosetup/MinGW/bin/../lib/gcc/x86_64-w64-mingw32/14.2.0/include"/>
					<Add directory="D:/codeblocks-25.03mingw-nosetup/MinGW/bin/../lib/gcc/x86_64-w64-mingw32/14.2.0/../../../../include"/>
					<Add directory="D:/codeblocks-25.03mingw-nosetup/MinGW/bin/../lib/gcc/x86_64-w64-mingw32/14.2.0/include-fixed"/>
					<Add directory="D:/codeblocks-25.03mingw-nosetup/MinGW/bin/../lib/gcc/x86_64-w64-mingw32/14.2.0/../../../../x86_64-w64-mingw32/include"/>
				</Compiler>
				<MakeCommands>
					<Build command="D:/codeblocks-25.03mingw-nosetup/MinGW/bin/mingw32-make.exe -f &quot;D:/Projects/quickjs/quickjs-master/master/Makefile&quot;  VERBOSE=1 qjar"/>
					<CompileFile command="D:/codeblocks-25.03mingw-nosetup/MinGW/bin/mingw32-make.exe -f &quot;D:/Projects/quickjs/quickjs-master/master/Makefile&quot;  VERBOSE=1 &quot;$file&quot;"/>
					<Clean command="D:/codeblocks-25.03mingw-nosetup/MinGW/bin/mingw32-make.exe -f &quot;D:/Projects/quickjs/quickjs-master/master/Makefile&quot;  VERBOSE=1 clean"/>
					<DistClean command="D:/codeblocks-25.03mingw-nosetup/MinGW/bin/mingw32-make.exe -f &quot;D:/Projects/quickjs/quickjs-master/master/Makefile&quot;  VERBOSE=1 clean"/>
				</MakeCommands>
			</Target>
			<Target title="qjar/fast">
				<Option output="D:/Projects/quickjs/quickjs-master/master/qjar.exe" prefix_auto="0" extension_auto="0"/>
				<Option working_dir="D:/Projects/quickjs/quickjs-master/master"/>
				<Option object_output="./"/>
				<Option type="1"/>
				<Option compiler="gcc"/>
				<Compiler>
					<Add option="-D_GNU_SOURCE"/>
					<Add option="-DWIN32_LEAN_AND_MEAN"/>
					<Add option="-D_WIN32_WINNT=0x0601"/>
					<Add option="-DQJS_BUILD_EXAMPLES"/>
					<Add option="-DQJS_BUILD_CLI_STATIC"/>
					<Add directory="D:/Projects/quickjs/quickjs-master"/>
					<Add directory="D:/codeblocks-25.03mingw-nosetup/MinGW/bin/../lib/gcc/x86_64-w64-mingw32/14.2.0/include"/>
					<Add directory="D:/codeblocks-25.03mingw-nosetup/MinGW/bin/../lib/gcc/x86_64-w64-mingw32/14.2.0/../../../../include"/>
					<Add directory="D:/codeblocks-25.03mingw-nosetup/MinGW/bin/../lib/gcc/x86_64-w64-mingw32/14.2.0/include-fixed"/>
					<Add directory="D:/codeblocks-25.03mingw-nosetup/MinGW/bin/../lib/gcc/x86_64-w64-mingw32/14.2.0/../../../../x86_64-w64-mingw32/include"/>
				</Compiler>
				<MakeCommands>
					<Build command="D:/codeblocks-25.03mingw-nosetup/MinGW/bin/mingw32-make.exe -f &quot;D:/Projects/quickjs/quickjs-master/master/Makefile&quot;  VERBOSE=1 qjar/fast"/>
					<CompileFile command="D:/codeblocks-25.03mingw-nosetup/MinGW/bin/mingw32-make.exe -f &quot;D:/Projects/quickjs/quickjs-master/master/Makefile&quot;  VERBOSE=1 &quot;$file&quot;"/>
					<Clean command="D:/codeblocks-25.03mingw-nosetup/MinGW/bin/mingw32-make.exe -f &quot;D:/Projects/quickjs/quickjs-master/master/Makefile&quot;  VERBOSE=1 clean"/>
					<DistClean command="D:/codeblocks-25.03mingw-nosetup/MinGW/bin/mingw32-make.exe -f &quot;D:/Projects/quickjs/quickjs-master/master/Makefile&quot;  VERBOSE=1 clean"/>
				</MakeCommands>
			</Target>
			<Target title="qjs_exe">
				<Option output="D:/Projects/quickjs/quickjs-master/master/qjs.exe" prefix_auto="0" extension_auto="0"/>
				<Option working_dir="D:/Projects/quickjs/quickjs-master/master"/>
				<Option object_output="./"/>
				<Option type="1"/>
				<Option compiler="gcc"/>
				<Compiler>
					<Add option="-D_GNU_SOURCE"/>
					<Add option="-DWIN32_LEAN_AND_MEAN"/>
					<Add option="-D_WIN32_WINNT=0x0601"/>
					<Add option="-DQJS_BUILD_EXAMPLES"/>
					<Add option="-DQJS_BUILD_CLI_STATIC"/>
					<Add directory="D:/Projects/quickjs/quickjs-master"/>
					<Add directory="D:/codeblocks-25.03mingw-nosetup/MinGW/bin/../lib/gcc/x86_64-w64-mingw32/14.2.0/include"/>
					<Add directory="D:/codeblocks-25.03mingw-nosetup/MinGW/bin/../lib/gcc/x86_64-w64-mingw32/14.2.0/../../../../include"/>
					<Add directory="D:/codeblocks-25.03mingw-nosetup/MinGW/bin/../lib/gcc/x86_64-w64-mingw32/14.2.0/include-fixed"/>
					<Add directory="D:/codeblocks-25.03mingw-nosetup/MinGW/bin/../lib/gcc/x86_64-w64-mingw32/14.2.0/../../../../x86_64-w64-mingw32/include"/>
				</Compiler>
				<MakeCommands>
					<Build command="D:/codeblocks-25.03mingw-nosetup/MinGW/bin/mingw32-make.exe -f &quot;D:/Projects/quickjs/quickjs-master/master/Makefile&quot;  VERBOSE=1 qjs_exe"/>
					<CompileFile command="D:/codeblocks-25.03mingw-nosetup/MinGW/bin/mingw32-make.exe -f &quot;D:/Projects/quickjs/quickjs-master/master/Makefile&quot;  VERBOSE=1 &quot;$file&quot;"/>
					<Clean command="D:/codeblocks-25.03mingw-nosetup/MinGW/bin/mingw32-make.exe -f &quot;D:/Projects/quickjs/quickjs-master/master/Makefile&quot;  VERBOSE=1 clean"/>
					<DistClean command="D:/codeblocks-25.03mingw-nosetup/MinGW/bin/mingw32-make.exe -f &quot;D:/Projects/quickjs/quickjs-master/master/Makefile&quot;  VERBOSE=1 clean"/>
				</MakeCommands>
			</Target>
			<Target title="qjs_exe/fast">
				<Option output="D:/Projects/quickjs/quickjs-master/master/qjs.exe" prefix_auto="0" extension_auto="0"/>
				<Option working_dir="D:/Projects/quickjs/quickjs-master/master"/>
				<Option object_output="./"/>
				<Option type="1"/>
				<Option compiler="gcc"/>
				<Compiler>
					<Add option="-D_GNU_SOURCE"/>
					<Add option="-DWIN32_LEAN_AND_MEAN"/>
					<Add option="-D_WIN32_WINNT=0x0601"/>
					<Add option="-DQJS_BUILD_EXAMPLES"/>
					<Add option="-DQJS_BUILD_CLI_STATIC"/>
					<Add directory="D:/Projects/quickjs/quickjs-master"/>
					<Add directory="D:/codeblocks-25.03mingw-nosetup/MinGW/bin/../lib/gcc/x86_64-w64-mingw32/14.2.0/include"/>
					<Add directory="D:/codeblocks-25.03mingw-nosetup/MinGW/bin/../lib/gcc/x86_64-w64-mingw32/14.2.0/../../../../include"/>
					<Add directory="D:/codeblocks-25.03mingw-nosetup/MinGW/bin/../lib/gcc/x86_64-w64-mingw32/14.2.0/include-fixed"/>
					<Add directory="D:/codeblocks-25.03mingw-nosetup/MinGW/bin/../lib/gcc/x86_64-w64-mingw32/14.2.0/../../../../x86_64-w64-mingw32/include"/>
				</Compiler>
				<MakeCommands>
					<Build command="D:/codeblocks-25.03mingw-nosetup/MinGW/bin/mingw32-make.exe -f &quot;D:/Projects/quickjs/quickjs-master/master/Makefile&quot;  VERBOSE=1 qjs_exe/fast"/>
					<CompileFile command="D:/codeblocks-25.03mingw-nosetup/MinGW/bin/mingw32-make.exe -f &quot;D:/Projects/quickjs/quickjs-master/master/Makefile&quot;  VERBOSE=1 &quot;$file&quot;"/>
					<Clean command="D:/codeblocks-25.03mingw-nosetup/MinGW/bin/mingw32-make.exe -f &quot;D:/Projects/quickjs/quickjs-master/master/Makefile&quot;  VERBOSE=1 clean"/>
					<DistClean command="D:/codeblocks-25.03mingw-nosetup/MinGW/bin/mingw32-make.exe -f &quot;D:/Projects/quickjs/quickjs-master/master/Makefile&quot;  VERBOSE=1 clean"/>
				</MakeCommands>
			</Target>
			<Target title="run-test262">
				<Option output="D:/Projects/quickjs/quickjs-master/master/run-test262.exe" prefix_auto="0" extension_auto="0"/>
				<Option working_dir="D:/Projects/quickjs/quickjs-master/master"/>
				<Option object_output="./"/>
				<Option type="1"/>
				<Option compiler="gcc"/>
				<Compiler>
					<Add option="-D_GNU_SOURCE"/>
					<Add option="-DWIN32_LEAN_AND_MEAN"/>
					<Add option="-D_WIN32_WINNT=0x0601"/>
					<Add option="-DQJS_BUILD_EXAMPLES"/>
					<Add option="-DQJS_BUILD_CLI_STATIC"/>
					<Add directory="D:/Projects/quickjs/quickjs-master"/>
					<Add directory="D:/codeblocks-25.03mingw-nosetup/MinGW/bin/../lib/gcc/x86_64-w64-mingw32/14.2.0/include"/>
					<Add directory="D:/codeblocks-25.03mingw-nosetup/MinGW/bin/../lib/gcc/x86_64-w64-mingw32/14.2.0/../../../../include"/>
					<Add directory="D:/codeblocks-25.03mingw-nosetup/MinGW/bin/../lib/gcc/x86_64-w64-mingw32/14.2.0/include-fixed"/>
					<Add directory="D:/codeblocks-25.03mingw-nosetup/MinGW/bin/../lib/gcc/x86_64-w64-mingw32/14.2.0/../../../../x86_64-w64-mingw32/include"/>
				</Compiler>
				<MakeCommands>
					<Build command="D:/codeblocks-25.03mingw-nosetup/MinGW/bin/mingw32-make.exe -f &quot;D:/Projects/quickjs/quickjs-master/master/Makefile&quot;  VERBOSE=1 run-test262"/>
					<CompileFile command="D:/codeblocks-25.03mingw-nosetup/MinGW/bin/mingw32-make.exe -f &quot;D:/Projects/quickjs/quickjs-master/master/Makefile&quot;  VERBOSE=1 &quot;$file&quot;"/>
					<Clean command="D:/codeblocks-25.03mingw-nosetup/MinGW/bin/mingw32-make.exe -f &quot;D:/Projects/quickjs/quickjs-master/master/Makefile&quot;  VERBOSE=1 clean"/>
					<DistClean command="D:/codeblocks-25.03mingw-nosetup/MinGW/bin/mingw32-make.exe -f &quot;D:/Projects/quickjs/quickjs-master/master/Makefile&quot;  VERBOSE=1 clean"/>
				</MakeCommands>
			</Target>
			<Target title="run-test262/fast">
				<Option output="D:/Projects/quickjs/quickjs-master/master/run-test262.exe" prefix_auto="0" extension_auto="0"/>
				<Option working_dir="D:/Projects/quickjs/quickjs-master/master"/>
				<Option object_output="./"/>
				<Option type="1"/>
				<Option compiler="gcc"/>
				<Compiler>
					<Add option="-D_GNU_SOURCE"/>
					<Add option="-DWIN32_LEAN_AND_MEAN"/>
					<Add option="-D_WIN32_WINNT=0x0601"/>
					<Add option="-DQJS_BUILD_EXAMPLES"/>
					<Add option="-DQJS_BUILD_CLI_STATIC"/>
					<Add directory="D:/Projects/quickjs/quickjs-master"/>
					<Add directory="D:/codeblocks-25.03mingw-nosetup/MinGW/bin/../lib/gcc/x86_64-w64-mingw32/14.2.0/include"/>
					<Add directory="D:/codeblocks-25.03mingw-nosetup/MinGW/bin/../lib/gcc/x86_64-w64-mingw32/14.2.0/../../../../include"/>
					<Add directory="D:/codeblocks-25.03mingw-nosetup/MinGW/bin/../lib/gcc/x86_64-w64-mingw32/14.2.0/include-fixed"/>
					<Add directory="D:/codeblocks-25.03mingw-nosetup/MinGW/bin/../lib/gcc/x86_64-w64-mingw32/14.2.0/../../../../x86_64-w64-mingw32/include"/>
				</Compiler>
				<MakeCommands>
					<Build command="D:/codeblocks-25.03mingw-nosetup/MinGW/bin/mingw32-make.exe -f &quot;D:/Projects/quickjs/quickjs-master/master/Makefile&quot;  VERBOSE=1 run-test262/fast"/>
					<CompileFile command="D:/codeblocks-25.03mingw-nosetup/MinGW/bin/mingw32-make.exe -f &quot;D:/Projects/quickjs/quickjs-master/master/Makefile&quot;  VERBOSE=1 &quot;$file&quot;"/>
					<Clean command="D:/codeblocks-25.03mingw-nosetup/MinGW/bin/mingw32-make.exe -f &quot;D:/Projects/quickjs/quickjs-master/master/Makefile&quot;  VERBOSE=1 clean"/>
					<DistClean command="D:/codeblocks-25.03mingw-nosetup/MinGW/bin/mingw32-make.exe -f &quot;D:/Projects/quickjs/quickjs-master/master/Makefile&quot;  VERBOSE=1 clean"/>
				</MakeCommands>
			</Target>
			<Target title="api-test">
				<Option output="D:/Projects/quickjs/quickjs-master/master/api-test.exe" prefix_auto="0" extension_auto="0"/>
				<Option working_dir="D:/Projects/quickjs/quickjs-master/master"/>
				<Option object_output="./"/>
				<Option type="1"/>
				<Option compiler="gcc"/>
				<Compiler>
					<Add option="-D_GNU_SOURCE"/>
					<Add option="-DWIN32_LEAN_AND_MEAN"/>
					<Add option="-D_WIN32_WINNT=0x0601"/>
					<Add option="-DQJS_BUILD_EXAMPLES"/>
					<Add option="-DQJS_BUILD_CLI_STATIC"/>
					<Add directory="D:/Projects/quickjs/quickjs-master"/>
					<Add directory="D:/codeblocks-25.03mingw-nosetup/MinGW/bin/../lib/gcc/x86_64-w64-mingw32/14.2.0/include"/>
					<Add directory="D:/codeblocks-25.03mingw-nosetup/MinGW/bin/../lib/gcc/x86_64-w64-mingw32/14.2.0/../../../../include"/>
					<Add directory="D:/codeblocks-25.03mingw-nosetup/MinGW/bin/../lib/gcc/x86_64-w64-mingw32/14.2.0/include-fixed"/>
					<Add directory="D:/codeblocks-25.03mingw-nosetup/MinGW/bin/../lib/gcc/x86_64-w64-mingw32/14.2.0/../../../../x86_64-w64-mingw32/include"/>
				</Compiler>
				<MakeCommands>
					<Build command="D:/codeblocks-25.03mingw-nosetup/MinGW/bin/mingw32-make.exe -f &quot;D:/Projects/quickjs/quickjs-master/master/Makefile&quot;  VERBOSE=1 api-test"/>
					<CompileFile command="D:/codeblocks-25.03mingw-nosetup/MinGW/bin/mingw32-make.exe -f &quot;D:/Projects/quickjs/quickjs-master/master/Makefile&quot;  VERBOSE=1 &quot;$file&quot;"/>
					<Clean command="D:/codeblocks-25.03mingw-nosetup/MinGW/bin/mingw32-make.exe -f &quot;D:/Projects/quickjs/quickjs-master/master/Makefile&quot;  VERBOSE=1 clean"/>
					<DistClean command="D:/codeblocks-25.03mingw-nosetup/MinGW/bin/mingw32-make.exe -f &quot;D:/Projects/quickjs/quickjs-master/master/Makefile&quot;  VERBOSE=1 clean"/>
				</MakeCommands>
			</Target>
			<Target title="api-test/fast">
				<Option output="D:/Projects/quickjs/quickjs-master/master/api-test.exe" prefix_auto="0" extension_auto="0"/>
				<Option working_dir="D:/Projects/quickjs/quickjs-master/master"/>
				<Option object_output="./"/>
				<Option type="1"/>
				<Option compiler="gcc"/>
				<Compiler>
					<Add option="-D_GNU_SOURCE"/>
					<Add option="-DWIN32_LEAN_AND_MEAN"/>
					<Add option="-D_WIN32_WINNT=0x0601"/>
					<Add option="-DQJS_BUILD_EXAMPLES"/>
					<Add option="-DQJS_BUILD_CLI_STATIC"/>
					<Add directory="D:/Projects/quickjs/quickjs-master"/>
					<Add directory="D:/codeblocks-25.03mingw-nosetup/MinGW/bin/../lib/gcc/x86_64-w64-mingw32/14.2.0/include"/>
					<Add directory="D:/codeblocks-25.03mingw-nosetup/MinGW/bin/../lib/gcc/x86_64-w64-mingw32/14.2.0/../../../../include"/>
					<Add directory="D:/codeblocks-25.03mingw-nosetup/MinGW/bin/../lib/gcc/x86_64-w64-mingw32/14.2.0/include-fixed"/>
					<Add directory="D:/codeblocks-25.03mingw-nosetup/MinGW/bin/../lib/gcc/x86_64-w64-mingw32/14.2.0/../../../../x86_64-w64-mingw32/include"/>
				</Compiler>
				<MakeCommands>
					<Build command="D:/codeblocks-25.03mingw-nosetup/MinGW/bin/mingw32-make.exe -f &quot;D:/Projects/quickjs/quickjs-master/master/Makefile&quot;  VERBOSE=1 api-test/fast"/>
					<CompileFile command="D:/codeblocks-25.03mingw-nosetup/MinGW/bin/mingw32-make.exe -f &quot;D:/Projects/quickjs/quickjs-master/master/Makefile&quot;  VERBOSE=1 &quot;$file&quot;"/>
					<Clean command="D:/codeblocks-25.03mingw-nosetup/MinGW/bin/mingw32-make.exe -f &quot;D:/Projects/quickjs/quickjs-master/master/Makefile&quot;  VERBOSE=1 clean"/>
					<DistClean command="D:/codeblocks-25.03mingw-nosetup/MinGW/bin/mingw32-make.exe -f &quot;D:/Projects/quickjs/quickjs-master/master/Makefile&quot;  VERBOSE=1 clean"/>
				</MakeCommands>
			</Target>
			<Target title="test_qar_load">
				<Option output="D:/Projects/quickjs/quickjs-master/master/test_qar_load.exe" prefix_auto="0" extension_auto="0"/>
				<Option working_dir="D:/Projects/quickjs/quickjs-master/master"/>
				<Option object_output="./"/>
				<Option type="1"/>
				<Option compiler="gcc"/>
				<Compiler>
					<Add option="-D_GNU_SOURCE"/>
					<Add option="-DWIN32_LEAN_AND_MEAN"/>
					<Add option="-D_WIN32_WINNT=0x0601"/>
					<Add option="-DQJS_BUILD_EXAMPLES"/>
					<Add option="-DQJS_BUILD_CLI_STATIC"/>
					<Add directory="D:/Projects/quickjs/quickjs-master"/>
					<Add directory="D:/codeblocks-25.03mingw-nosetup/MinGW/bin/../lib/gcc/x86_64-w64-mingw32/14.2.0/include"/>
					<Add directory="D:/codeblocks-25.03mingw-nosetup/MinGW/bin/../lib/gcc/x86_64-w64-mingw32/14.2.0/../../../../include"/>
					<Add directory="D:/codeblocks-25.03mingw-nosetup/MinGW/bin/../lib/gcc/x86_64-w64-mingw32/14.2.0/include-fixed"/>
					<Add directory="D:/codeblocks-25.03mingw-nosetup/MinGW/bin/../lib/gcc/x86_64-w64-mingw32/14.2.0/../../../../x86_64-w64-mingw32/include"/>
				</Compiler>
				<MakeCommands>
					<Build command="D:/codeblocks-25.03mingw-nosetup/MinGW/bin/mingw32-make.exe -f &quot;D:/Projects/quickjs/quickjs-master/master/Makefile&quot;  VERBOSE=1 test_qar_load"/>
					<CompileFile command="D:/codeblocks-25.03mingw-nosetup/MinGW/bin/mingw32-make.exe -f &quot;D:/Projects/quickjs/quickjs-master/master/Makefile&quot;  VERBOSE=1 &quot;$file&quot;"/>
					<Clean command="D:/codeblocks-25.03mingw-nosetup/MinGW/bin/mingw32-make.exe -f &quot;D:/Projects/quickjs/quickjs-master/master/Makefile&quot;  VERBOSE=1 clean"/>
					<DistClean command="D:/codeblocks-25.03mingw-nosetup/MinGW/bin/mingw32-make.exe -f &quot;D:/Projects/quickjs/quickjs-master/master/Makefile&quot;  VERBOSE=1 clean"/>
				</MakeCommands>
			</Target>
			<Target title="test_qar_load/fast">
				<Option output="D:/Projects/quickjs/quickjs-master/master/test_qar_load.exe" prefix_auto="0" extension_auto="0"/>
				<Option working_dir="D:/Projects/quickjs/quickjs-master/master"/>
				<Option object_output="./"/>
				<Option type="1"/>
				<Option compiler="gcc"/>
				<Compiler>
					<Add option="-D_GNU_SOURCE"/>
					<Add option="-DWIN32_LEAN_AND_MEAN"/>
					<Add option="-D_WIN32_WINNT=0x0601"/>
					<Add option="-DQJS_BUILD_EXAMPLES"/>
					<Add option="-DQJS_BUILD_CLI_STATIC"/>
					<Add directory="D:/Projects/quickjs/quickjs-master"/>
					<Add directory="D:/codeblocks-25.03mingw-nosetup/MinGW/bin/../lib/gcc/x86_64-w64-mingw32/14.2.0/include"/>
					<Add directory="D:/codeblocks-25.03mingw-nosetup/MinGW/bin/../lib/gcc/x86_64-w64-mingw32/14.2.0/../../../../include"/>
					<Add directory="D:/codeblocks-25.03mingw-nosetup/MinGW/bin/../lib/gcc/x86_64-w64-mingw32/14.2.0/include-fixed"/>
					<Add directory="D:/codeblocks-25.03mingw-nosetup/MinGW/bin/../lib/gcc/x86_64-w64-mingw32/14.2.0/../../../../x86_64-w64-mingw32/include"/>
				</Compiler>
				<MakeCommands>
					<Build command="D:/codeblocks-25.03mingw-nosetup/MinGW/bin/mingw32-make.exe -f &quot;D:/Projects/quickjs/quickjs-master/master/Makefile&quot;  VERBOSE=1 test_qar_load/fast"/>
					<CompileFile command="D:/codeblocks-25.03mingw-nosetup/MinGW/bin/mingw32-make.exe -f &quot;D:/Projects/quickjs/quickjs-master/master/Makefile&quot;  VERBOSE=1 &quot;$file&quot;"/>
					<Clean command="D:/codeblocks-25.03mingw-nosetup/MinGW/bin/mingw32-make.exe -f &quot;D:/Projects/quickjs/quickjs-master/master/Makefile&quot;  VERBOSE=1 clean"/>
					<DistClean command="D:/codeblocks-25.03mingw-nosetup/MinGW/bin/mingw32-make.exe -f &quot;D:/Projects/quickjs/quickjs-master/master/Makefile&quot;  VERBOSE=1 clean"/>
				</MakeCommands>
			</Target>
			<Target title="unicode_gen">
				<Option output="D:/Projects/quickjs/quickjs-master/master/unicode_gen.exe" prefix_auto="0" extension_auto="0"/>
				<Option working_dir="D:/Projects/quickjs/quickjs-master/master"/>
				<Option object_output="./"/>
				<Option type="1"/>
				<Option compiler="gcc"/>
				<Compiler>
					<Add option="-D_GNU_SOURCE"/>
					<Add option="-DWIN32_LEAN_AND_MEAN"/>
					<Add option="-D_WIN32_WINNT=0x0601"/>
					<Add option="-DQJS_BUILD_EXAMPLES"/>
					<Add option="-DQJS_BUILD_CLI_STATIC"/>
					<Add directory="D:/codeblocks-25.03mingw-nosetup/MinGW/bin/../lib/gcc/x86_64-w64-mingw32/14.2.0/include"/>
					<Add directory="D:/codeblocks-25.03mingw-nosetup/MinGW/bin/../lib/gcc/x86_64-w64-mingw32/14.2.0/../../../../include"/>
					<Add directory="D:/codeblocks-25.03mingw-nosetup/MinGW/bin/../lib/gcc/x86_64-w64-mingw32/14.2.0/include-fixed"/>
					<Add directory="D:/codeblocks-25.03mingw-nosetup/MinGW/bin/../lib/gcc/x86_64-w64-mingw32/14.2.0/../../../../x86_64-w64-mingw32/include"/>
				</Compiler>
				<MakeCommands>
					<Build command="D:/codeblocks-25.03mingw-nosetup/MinGW/bin/mingw32-make.exe -f &quot;D:/Projects/quickjs/quickjs-master/master/Makefile&quot;  VERBOSE=1 unicode_gen"/>
					<CompileFile command="D:/codeblocks-25.03mingw-nosetup/MinGW/bin/mingw32-make.exe -f &quot;D:/Projects/quickjs/quickjs-master/master/Makefile&quot;  VERBOSE=1 &quot;$file&quot;"/>
					<Clean command="D:/codeblocks-25.03mingw-nosetup/MinGW/bin/mingw32-make.exe -f &quot;D:/Projects/quickjs/quickjs-master/master/Makefile&quot;  VERBOSE=1 clean"/>
					<DistClean command="D:/codeblocks-25.03mingw-nosetup/MinGW/bin/mingw32-make.exe -f &quot;D:/Projects/quickjs/quickjs-master/master/Makefile&quot;  VERBOSE=1 clean"/>
				</MakeCommands>
			</Target>
			<Target title="unicode_gen/fast">
				<Option output="D:/Projects/quickjs/quickjs-master/master/unicode_gen.exe" prefix_auto="0" extension_auto="0"/>
				<Option working_dir="D:/Projects/quickjs/quickjs-master/master"/>
				<Option object_output="./"/>
				<Option type="1"/>
				<Option compiler="gcc"/>
				<Compiler>
					<Add option="-D_GNU_SOURCE"/>
					<Add option="-DWIN32_LEAN_AND_MEAN"/>
					<Add option="-D_WIN32_WINNT=0x0601"/>
					<Add option="-DQJS_BUILD_EXAMPLES"/>
					<Add option="-DQJS_BUILD_CLI_STATIC"/>
					<Add directory="D:/codeblocks-25.03mingw-nosetup/MinGW/bin/../lib/gcc/x86_64-w64-mingw32/14.2.0/include"/>
					<Add directory="D:/codeblocks-25.03mingw-nosetup/MinGW/bin/../lib/gcc/x86_64-w64-mingw32/14.2.0/../../../../include"/>
					<Add directory="D:/codeblocks-25.03mingw-nosetup/MinGW/bin/../lib/gcc/x86_64-w64-mingw32/14.2.0/include-fixed"/>
					<Add directory="D:/codeblocks-25.03mingw-nosetup/MinGW/bin/../lib/gcc/x86_64-w64-mingw32/14.2.0/../../../../x86_64-w64-mingw32/include"/>
				</Compiler>
				<MakeCommands>
					<Build command="D:/codeblocks-25.03mingw-nosetup/MinGW/bin/mingw32-make.exe -f &quot;D:/Projects/quickjs/quickjs-master/master/Makefile&quot;  VERBOSE=1 unicode_gen/fast"/>
					<CompileFile command="D:/codeblocks-25.03mingw-nosetup/MinGW/bin/mingw32-make.exe -f &quot;D:/Projects/quickjs/quickjs-master/master/Makefile&quot;  VERBOSE=1 &quot;$file&quot;"/>
					<Clean command="D:/codeblocks-25.03mingw-nosetup/MinGW/bin/mingw32-make.exe -f &quot;D:/Projects/quickjs/quickjs-master/master/Makefile&quot;  VERBOSE=1 clean"/>
					<DistClean command="D:/codeblocks-25.03mingw-nosetup/MinGW/bin/mingw32-make.exe -f &quot;D:/Projects/quickjs/quickjs-master/master/Makefile&quot;  VERBOSE=1 clean"/>
				</MakeCommands>
			</Target>
			<Target title="function_source">
				<Option output="D:/Projects/quickjs/quickjs-master/master/function_source.exe" prefix_auto="0" extension_auto="0"/>
				<Option working_dir="D:/Projects/quickjs/quickjs-master/master"/>
				<Option object_output="./"/>
				<Option type="1"/>
				<Option compiler="gcc"/>
				<Compiler>
					<Add option="-D_GNU_SOURCE"/>
					<Add option="-DWIN32_LEAN_AND_MEAN"/>
					<Add option="-D_WIN32_WINNT=0x0601"/>
					<Add option="-DQJS_BUILD_EXAMPLES"/>
					<Add option="-DQJS_BUILD_CLI_STATIC"/>
					<Add directory="D:/Projects/quickjs/quickjs-master"/>
					<Add directory="D:/codeblocks-25.03mingw-nosetup/MinGW/bin/../lib/gcc/x86_64-w64-mingw32/14.2.0/include"/>
					<Add directory="D:/codeblocks-25.03mingw-nosetup/MinGW/bin/../lib/gcc/x86_64-w64-mingw32/14.2.0/../../../../include"/>
					<Add directory="D:/codeblocks-25.03mingw-nosetup/MinGW/bin/../lib/gcc/x86_64-w64-mingw32/14.2.0/include-fixed"/>
					<Add directory="D:/codeblocks-25.03mingw-nosetup/MinGW/bin/../lib/gcc/x86_64-w64-mingw32/14.2.0/../../../../x86_64-w64-mingw32/include"/>
				</Compiler>
				<MakeCommands>
					<Build command="D:/codeblocks-25.03mingw-nosetup/MinGW/bin/mingw32-make.exe -f &quot;D:/Projects/quickjs/quickjs-master/master/Makefile&quot;  VERBOSE=1 function_source"/>
					<CompileFile command="D:/codeblocks-25.03mingw-nosetup/MinGW/bin/mingw32-make.exe -f &quot;D:/Projects/quickjs/quickjs-master/master/Makefile&quot;  VERBOSE=1 &quot;$file&quot;"/>
					<Clean command="D:/codeblocks-25.03mingw-nosetup/MinGW/bin/mingw32-make.exe -f &quot;D:/Projects/quickjs/quickjs-master/master/Makefile&quot;  VERBOSE=1 clean"/>
					<DistClean command="D:/codeblocks-25.03mingw-nosetup/MinGW/bin/mingw32-make.exe -f &quot;D:/Projects/quickjs/quickjs-master/master/Makefile&quot;  VERBOSE=1 clean"/>
				</MakeCommands>
			</Target>
			<Target title="function_source/fast">
				<Option output="D:/Projects/quickjs/quickjs-master/master/function_source.exe" prefix_auto="0" extension_auto="0"/>
				<Option working_dir="D:/Projects/quickjs/quickjs-master/master"/>
				<Option object_output="./"/>
				<Option type="1"/>
				<Option compiler="gcc"/>
				<Compiler>
					<Add option="-D_GNU_SOURCE"/>
					<Add option="-DWIN32_LEAN_AND_MEAN"/>
					<Add option="-D_WIN32_WINNT=0x0601"/>
					<Add option="-DQJS_BUILD_EXAMPLES"/>
					<Add option="-DQJS_BUILD_CLI_STATIC"/>
					<Add directory="D:/Projects/quickjs/quickjs-master"/>
					<Add directory="D:/codeblocks-25.03mingw-nosetup/MinGW/bin/../lib/gcc/x86_64-w64-mingw32/14.2.0/include"/>
					<Add directory="D:/codeblocks-25.03mingw-nosetup/MinGW/bin/../lib/gcc/x86_64-w64-mingw32/14.2.0/../../../../include"/>
					<Add directory="D:/codeblocks-25.03mingw-nosetup/MinGW/bin/../lib/gcc/x86_64-w64-mingw32/14.2.0/include-fixed"/>
					<Add directory="D:/codeblocks-25.03mingw-nosetup/MinGW/bin/../lib/gcc/x86_64-w64-mingw32/14.2.0/../../../../x86_64-w64-mingw32/include"/>
				</Compiler>
				<MakeCommands>
					<Build command="D:/codeblocks-25.03mingw-nosetup/MinGW/bin/mingw32-make.exe -f &quot;D:/Projects/quickjs/quickjs-master/master/Makefile&quot;  VERBOSE=1 function_source/fast"/>
					<CompileFile command="D:/codeblocks-25.03mingw-nosetup/MinGW/bin/mingw32-make.exe -f &quot;D:/Projects/quickjs/quickjs-master/master/Makefile&quot;  VERBOSE=1 &quot;$file&quot;"/>
					<Clean command="D:/codeblocks-25.03mingw-nosetup/MinGW/bin/mingw32-make.exe -f &quot;D:/Projects/quickjs/quickjs-master/master/Makefile&quot;  VERBOSE=1 clean"/>
					<DistClean command="D:/codeblocks-25.03mingw-nosetup/MinGW/bin/mingw32-make.exe -f &quot;D:/Projects/quickjs/quickjs-master/master/Makefile&quot;  VERBOSE=1 clean"/>
				</MakeCommands>
			</Target>
			<Target title="hello">
				<Option output="D:/Projects/quickjs/quickjs-master/master/hello.exe" prefix_auto="0" extension_auto="0"/>
				<Option working_dir="D:/Projects/quickjs/quickjs-master/master"/>
				<Option object_output="./"/>
				<Option type="1"/>
				<Option compiler="gcc"/>
				<Compiler>
					<Add option="-D_GNU_SOURCE"/>
					<Add option="-DWIN32_LEAN_AND_MEAN"/>
					<Add option="-D_WIN32_WINNT=0x0601"/>
					<Add option="-DQJS_BUILD_EXAMPLES"/>
					<Add option="-DQJS_BUILD_CLI_STATIC"/>
					<Add directory="D:/Projects/quickjs/quickjs-master"/>
					<Add directory="D:/codeblocks-25.03mingw-nosetup/MinGW/bin/../lib/gcc/x86_64-w64-mingw32/14.2.0/include"/>
					<Add directory="D:/codeblocks-25.03mingw-nosetup/MinGW/bin/../lib/gcc/x86_64-w64-mingw32/14.2.0/../../../../include"/>
					<Add directory="D:/codeblocks-25.03mingw-nosetup/MinGW/bin/../lib/gcc/x86_64-w64-mingw32/14.2.0/include-fixed"/>
					<Add directory="D:/codeblocks-25.03mingw-nosetup/MinGW/bin/../lib/gcc/x86_64-w64-mingw32/14.2.0/../../../../x86_64-w64-mingw32/include"/>
				</Compiler>
				<MakeCommands>
					<Build command="D:/codeblocks-25.03mingw-nosetup/MinGW/bin/mingw32-make.exe -f &quot;D:/Projects/quickjs/quickjs-master/master/Makefile&quot;  VERBOSE=1 hello"/>
					<CompileFile command="D:/codeblocks-25.03mingw-nosetup/MinGW/bin/mingw32-make.exe -f &quot;D:/Projects/quickjs/quickjs-master/master/Makefile&quot;  VERBOSE=1 &quot;$file&quot;"/>
					<Clean command="D:/codeblocks-25.03mingw-nosetup/MinGW/bin/mingw32-make.exe -f &quot;D:/Projects/quickjs/quickjs-master/master/Makefile&quot;  VERBOSE=1 clean"/>
					<DistClean command="D:/codeblocks-25.03mingw-nosetup/MinGW/bin/mingw32-make.exe -f &quot;D:/Projects/quickjs/quickjs-master/master/Makefile&quot;  VERBOSE=1 clean"/>
				</MakeCommands>
			</Target>
			<Target title="hello/fast">
				<Option output="D:/Projects/quickjs/quickjs-master/master/hello.exe" prefix_auto="0" extension_auto="0"/>
				<Option working_dir="D:/Projects/quickjs/quickjs-master/master"/>
				<Option object_output="./"/>
				<Option type="1"/>
				<Option compiler="gcc"/>
				<Compiler>
					<Add option="-D_GNU_SOURCE"/>
					<Add option="-DWIN32_LEAN_AND_MEAN"/>
					<Add option="-D_WIN32_WINNT=0x0601"/>
					<Add option="-DQJS_BUILD_EXAMPLES"/>
					<Add option="-DQJS_BUILD_CLI_STATIC"/>
					<Add directory="D:/Projects/quickjs/quickjs-master"/>
					<Add directory="D:/codeblocks-25.03mingw-nosetup/MinGW/bin/../lib/gcc/x86_64-w64-mingw32/14.2.0/include"/>
					<Add directory="D:/codeblocks-25.03mingw-nosetup/MinGW/bin/../lib/gcc/x86_64-w64-mingw32/14.2.0/../../../../include"/>
					<Add directory="D:/codeblocks-25.03mingw-nosetup/MinGW/bin/../lib/gcc/x86_64-w64-mingw32/14.2.0/include-fixed"/>
					<Add directory="D:/codeblocks-25.03mingw-nosetup/MinGW/bin/../lib/gcc/x86_64-w64-mingw32/14.2.0/../../../../x86_64-w64-mingw32/include"/>
				</Compiler>
				<MakeCommands>
					<Build command="D:/codeblocks-25.03mingw-nosetup/MinGW/bin/mingw32-make.exe -f &quot;D:/Projects/quickjs/quickjs-master/master/Makefile&quot;  VERBOSE=1 hello/fast"/>
					<CompileFile command="D:/codeblocks-25.03mingw-nosetup/MinGW/bin/mingw32-make.exe -f &quot;D:/Projects/quickjs/quickjs-master/master/Makefile&quot;  VERBOSE=1 &quot;$file&quot;"/>
					<Clean command="D:/codeblocks-25.03mingw-nosetup/MinGW/bin/mingw32-make.exe -f &quot;D:/Projects/quickjs/quickjs-master/master/Makefile&quot;  VERBOSE=1 clean"/>
					<DistClean command="D:/codeblocks-25.03mingw-nosetup/MinGW/bin/mingw32-make.exe -f &quot;D:/Projects/quickjs/quickjs-master/master/Makefile&quot;  VERBOSE=1 clean"/>
				</MakeCommands>
			</Target>
			<Target title="hello_module">
				<Option output="D:/Projects/quickjs/quickjs-master/master/hello_module.exe" prefix_auto="0" extension_auto="0"/>
				<Option working_dir="D:/Projects/quickjs/quickjs-master/master"/>
				<Option object_output="./"/>
				<Option type="1"/>
				<Option compiler="gcc"/>
				<Compiler>
					<Add option="-D_GNU_SOURCE"/>
					<Add option="-DWIN32_LEAN_AND_MEAN"/>
					<Add option="-D_WIN32_WINNT=0x0601"/>
					<Add option="-DQJS_BUILD_EXAMPLES"/>
					<Add option="-DQJS_BUILD_CLI_STATIC"/>
					<Add directory="D:/Projects/quickjs/quickjs-master"/>
					<Add directory="D:/codeblocks-25.03mingw-nosetup/MinGW/bin/../lib/gcc/x86_64-w64-mingw32/14.2.0/include"/>
					<Add directory="D:/codeblocks-25.03mingw-nosetup/MinGW/bin/../lib/gcc/x86_64-w64-mingw32/14.2.0/../../../../include"/>
					<Add directory="D:/codeblocks-25.03mingw-nosetup/MinGW/bin/../lib/gcc/x86_64-w64-mingw32/14.2.0/include-fixed"/>
					<Add directory="D:/codeblocks-25.03mingw-nosetup/MinGW/bin/../lib/gcc/x86_64-w64-mingw32/14.2.0/../../../../x86_64-w64-mingw32/include"/>
				</Compiler>
				<MakeCommands>
					<Build command="D:/codeblocks-25.03mingw-nosetup/MinGW/bin/mingw32-make.exe -f &quot;D:/Projects/quickjs/quickjs-master/master/Makefile&quot;  VERBOSE=1 hello_module"/>
					<CompileFile command="D:/codeblocks-25.03mingw-nosetup/MinGW/bin/mingw32-make.exe -f &quot;D:/Projects/quickjs/quickjs-master/master/Makefile&quot;  VERBOSE=1 &quot;$file&quot;"/>
					<Clean command="D:/codeblocks-25.03mingw-nosetup/MinGW/bin/mingw32-make.exe -f &quot;D:/Projects/quickjs/quickjs-master/master/Makefile&quot;  VERBOSE=1 clean"/>
					<DistClean command="D:/codeblocks-25.03mingw-nosetup/MinGW/bin/mingw32-make.exe -f &quot;D:/Projects/quickjs/quickjs-master/master/Makefile&quot;  VERBOSE=1 clean"/>
				</MakeCommands>
			</Target>
			<Target title="hello_module/fast">
				<Option output="D:/Projects/quickjs/quickjs-master/master/hello_module.exe" prefix_auto="0" extension_auto="0"/>
				<Option working_dir="D:/Projects/quickjs/quickjs-master/master"/>
				<Option object_output="./"/>
				<Option type="1"/>
				<Option compiler="gcc"/>
				<Compiler>
					<Add option="-D_GNU_SOURCE"/>
					<Add option="-DWIN32_LEAN_AND_MEAN"/>
					<Add option="-D_WIN32_WINNT=0x0601"/>
					<Add option="-DQJS_BUILD_EXAMPLES"/>
					<Add option="-DQJS_BUILD_CLI_STATIC"/>
					<Add directory="D:/Projects/quickjs/quickjs-master"/>
					<Add directory="D:/codeblocks-25.03mingw-nosetup/MinGW/bin/../lib/gcc/x86_64-w64-mingw32/14.2.0/include"/>
					<Add directory="D:/codeblocks-25.03mingw-nosetup/MinGW/bin/../lib/gcc/x86_64-w64-mingw32/14.2.0/../../../../include"/>
					<Add directory="D:/codeblocks-25.03mingw-nosetup/MinGW/bin/../lib/gcc/x86_64-w64-mingw32/14.2.0/include-fixed"/>
					<Add directory="D:/codeblocks-25.03mingw-nosetup/MinGW/bin/../lib/gcc/x86_64-w64-mingw32/14.2.0/../../../../x86_64-w64-mingw32/include"/>
				</Compiler>
				<MakeCommands>
					<Build command="D:/codeblocks-25.03mingw-nosetup/MinGW/bin/mingw32-make.exe -f &quot;D:/Projects/quickjs/quickjs-master/master/Makefile&quot;  VERBOSE=1 hello_module/fast"/>
					<CompileFile command="D:/codeblocks-25.03mingw-nosetup/MinGW/bin/mingw32-make.exe -f &quot;D:/Projects/quickjs/quickjs-master/master/Makefile&quot;  VERBOSE=1 &quot;$file&quot;"/>
					<Clean command="D:/codeblocks-25.03mingw-nosetup/MinGW/bin/mingw32-make.exe -f &quot;D:/Projects/quickjs/quickjs-master/master/Makefile&quot;  VERBOSE=1 clean"/>
					<DistClean command="D:/codeblocks-25.03mingw-nosetup/MinGW/bin/mingw32-make.exe -f &quot;D:/Projects/quickjs/quickjs-master/master/Makefile&quot;  VERBOSE=1 clean"/>
				</MakeCommands>
			</Target>
			<Target title="fib">
				<Option output="D:/Projects/quickjs/quickjs-master/master/fib.dll" prefix_auto="0" extension_auto="0"/>
				<Option working_dir="D:/Projects/quickjs/quickjs-master/master"/>
				<Option object_output="./"/>
				<Option type="3"/>
				<Option compiler="gcc"/>
				<Compiler>
					<Add option="-DJS_SHARED_LIBRARY"/>
					<Add option="-DQJS_BUILD_EXAMPLES"/>
					<Add option="-DQJS_BUILD_CLI_STATIC"/>
					<Add directory="D:/Projects/quickjs/quickjs-master"/>
					<Add directory="D:/codeblocks-25.03mingw-nosetup/MinGW/bin/../lib/gcc/x86_64-w64-mingw32/14.2.0/include"/>
					<Add directory="D:/codeblocks-25.03mingw-nosetup/MinGW/bin/../lib/gcc/x86_64-w64-mingw32/14.2.0/../../../../include"/>
					<Add directory="D:/codeblocks-25.03mingw-nosetup/MinGW/bin/../lib/gcc/x86_64-w64-mingw32/14.2.0/include-fixed"/>
					<Add directory="D:/codeblocks-25.03mingw-nosetup/MinGW/bin/../lib/gcc/x86_64-w64-mingw32/14.2.0/../../../../x86_64-w64-mingw32/include"/>
				</Compiler>
				<MakeCommands>
					<Build command="D:/codeblocks-25.03mingw-nosetup/MinGW/bin/mingw32-make.exe -f &quot;D:/Projects/quickjs/quickjs-master/master/Makefile&quot;  VERBOSE=1 fib"/>
					<CompileFile command="D:/codeblocks-25.03mingw-nosetup/MinGW/bin/mingw32-make.exe -f &quot;D:/Projects/quickjs/quickjs-master/master/Makefile&quot;  VERBOSE=1 &quot;$file&quot;"/>
					<Clean command="D:/codeblocks-25.03mingw-nosetup/MinGW/bin/mingw32-make.exe -f &quot;D:/Projects/quickjs/quickjs-master/master/Makefile&quot;  VERBOSE=1 clean"/>
					<DistClean command="D:/codeblocks-25.03mingw-nosetup/MinGW/bin/mingw32-make.exe -f &quot;D:/Projects/quickjs/quickjs-master/master/Makefile&quot;  VERBOSE=1 clean"/>
				</MakeCommands>
			</Target>
			<Target title="fib/fast">
				<Option output="D:/Projects/quickjs/quickjs-master/master/fib.dll" prefix_auto="0" extension_auto="0"/>
				<Option working_dir="D:/Projects/quickjs/quickjs-master/master"/>
				<Option object_output="./"/>
				<Option type="3"/>
				<Option compiler="gcc"/>
				<Compiler>
					<Add option="-DJS_SHARED_LIBRARY"/>
					<Add option="-DQJS_BUILD_EXAMPLES"/>
					<Add option="-DQJS_BUILD_CLI_STATIC"/>
					<Add directory="D:/Projects/quickjs/quickjs-master"/>
					<Add directory="D:/codeblocks-25.03mingw-nosetup/MinGW/bin/../lib/gcc/x86_64-w64-mingw32/14.2.0/include"/>
					<Add directory="D:/codeblocks-25.03mingw-nosetup/MinGW/bin/../lib/gcc/x86_64-w64-mingw32/14.2.0/../../../../include"/>
					<Add directory="D:/codeblocks-25.03mingw-nosetup/MinGW/bin/../lib/gcc/x86_64-w64-mingw32/14.2.0/include-fixed"/>
					<Add directory="D:/codeblocks-25.03mingw-nosetup/MinGW/bin/../lib/gcc/x86_64-w64-mingw32/14.2.0/../../../../x86_64-w64-mingw32/include"/>
				</Compiler>
				<MakeCommands>
					<Build command="D:/codeblocks-25.03mingw-nosetup/MinGW/bin/mingw32-make.exe -f &quot;D:/Projects/quickjs/quickjs-master/master/Makefile&quot;  VERBOSE=1 fib/fast"/>
					<CompileFile command="D:/codeblocks-25.03mingw-nosetup/MinGW/bin/mingw32-make.exe -f &quot;D:/Projects/quickjs/quickjs-master/master/Makefile&quot;  VERBOSE=1 &quot;$file&quot;"/>
					<Clean command="D:/codeblocks-25.03mingw-nosetup/MinGW/bin/mingw32-make.exe -f &quot;D:/Projects/quickjs/quickjs-master/master/Makefile&quot;  VERBOSE=1 clean"/>
					<DistClean command="D:/codeblocks-25.03mingw-nosetup/MinGW/bin/mingw32-make.exe -f &quot;D:/Projects/quickjs/quickjs-master/master/Makefile&quot;  VERBOSE=1 clean"/>
				</MakeCommands>
			</Target>
			<Target title="point">
				<Option output="D:/Projects/quickjs/quickjs-master/master/point.dll" prefix_auto="0" extension_auto="0"/>
				<Option working_dir="D:/Projects/quickjs/quickjs-master/master"/>
				<Option object_output="./"/>
				<Option type="3"/>
				<Option compiler="gcc"/>
				<Compiler>
					<Add option="-DJS_SHARED_LIBRARY"/>
					<Add option="-DQJS_BUILD_EXAMPLES"/>
					<Add option="-DQJS_BUILD_CLI_STATIC"/>
					<Add directory="D:/Projects/quickjs/quickjs-master"/>
					<Add directory="D:/codeblocks-25.03mingw-nosetup/MinGW/bin/../lib/gcc/x86_64-w64-mingw32/14.2.0/include"/>
					<Add directory="D:/codeblocks-25.03mingw-nosetup/MinGW/bin/../lib/gcc/x86_64-w64-mingw32/14.2.0/../../../../include"/>
					<Add directory="D:/codeblocks-25.03mingw-nosetup/MinGW/bin/../lib/gcc/x86_64-w64-mingw32/14.2.0/include-fixed"/>
					<Add directory="D:/codeblocks-25.03mingw-nosetup/MinGW/bin/../lib/gcc/x86_64-w64-mingw32/14.2.0/../../../../x86_64-w64-mingw32/include"/>
				</Compiler>
				<MakeCommands>
					<Build command="D:/codeblocks-25.03mingw-nosetup/MinGW/bin/mingw32-make.exe -f &quot;D:/Projects/quickjs/quickjs-master/master/Makefile&quot;  VERBOSE=1 point"/>
					<CompileFile command="D:/codeblocks-25.03mingw-nosetup/MinGW/bin/mingw32-make.exe -f &quot;D:/Projects/quickjs/quickjs-master/master/Makefile&quot;  VERBOSE=1 &quot;$file&quot;"/>
					<Clean command="D:/codeblocks-25.03mingw-nosetup/MinGW/bin/mingw32-make.exe -f &quot;D:/Projects/quickjs/quickjs-master/master/Makefile&quot;  VERBOSE=1 clean"/>
					<DistClean command="D:/codeblocks-25.03mingw-nosetup/MinGW/bin/mingw32-make.exe -f &quot;D:/Projects/quickjs/quickjs-master/master/Makefile&quot;  VERBOSE=1 clean"/>
				</MakeCommands>
			</Target>
			<Target title="point/fast">
				<Option output="D:/Projects/quickjs/quickjs-master/master/point.dll" prefix_auto="0" extension_auto="0"/>
				<Option working_dir="D:/Projects/quickjs/quickjs-master/master"/>
				<Option object_output="./"/>
				<Option type="3"/>
				<Option compiler="gcc"/>
				<Compiler>
					<Add option="-DJS_SHARED_LIBRARY"/>
					<Add option="-DQJS_BUILD_EXAMPLES"/>
					<Add option="-DQJS_BUILD_CLI_STATIC"/>
					<Add directory="D:/Projects/quickjs/quickjs-master"/>
					<Add directory="D:/codeblocks-25.03mingw-nosetup/MinGW/bin/../lib/gcc/x86_64-w64-mingw32/14.2.0/include"/>
					<Add directory="D:/codeblocks-25.03mingw-nosetup/MinGW/bin/../lib/gcc/x86_64-w64-mingw32/14.2.0/../../../../include"/>
					<Add directory="D:/codeblocks-25.03mingw-nosetup/MinGW/bin/../lib/gcc/x86_64-w64-mingw32/14.2.0/include-fixed"/>
					<Add directory="D:/codeblocks-25.03mingw-nosetup/MinGW/bin/../lib/gcc/x86_64-w64-mingw32/14.2.0/../../../../x86_64-w64-mingw32/include"/>
				</Compiler>
				<MakeCommands>
					<Build command="D:/codeblocks-25.03mingw-nosetup/MinGW/bin/mingw32-make.exe -f &quot;D:/Projects/quickjs/quickjs-master/master/Makefile&quot;  VERBOSE=1 point/fast"/>
					<CompileFile command="D:/codeblocks-25.03mingw-nosetup/MinGW/bin/mingw32-make.exe -f &quot;D:/Projects/quickjs/quickjs-master/master/Makefile&quot;  VERBOSE=1 &quot;$file&quot;"/>
					<Clean command="D:/codeblocks-25.03mingw-nosetup/MinGW/bin/mingw32-make.exe -f &quot;D:/Projects/quickjs/quickjs-master/master/Makefile&quot;  VERBOSE=1 clean"/>
					<DistClean command="D:/codeblocks-25.03mingw-nosetup/MinGW/bin/mingw32-make.exe -f &quot;D:/Projects/quickjs/quickjs-master/master/Makefile&quot;  VERBOSE=1 clean"/>
				</MakeCommands>
			</Target>
			<Target title="test_fib">
				<Option output="D:/Projects/quickjs/quickjs-master/master/test_fib.exe" prefix_auto="0" extension_auto="0"/>
				<Option working_dir="D:/Projects/quickjs/quickjs-master/master"/>
				<Option object_output="./"/>
				<Option type="1"/>
				<Option compiler="gcc"/>
				<Compiler>
					<Add option="-D_GNU_SOURCE"/>
					<Add option="-DWIN32_LEAN_AND_MEAN"/>
					<Add option="-D_WIN32_WINNT=0x0601"/>
					<Add option="-DQJS_BUILD_EXAMPLES"/>
					<Add option="-DQJS_BUILD_CLI_STATIC"/>
					<Add directory="D:/Projects/quickjs/quickjs-master"/>
					<Add directory="D:/codeblocks-25.03mingw-nosetup/MinGW/bin/../lib/gcc/x86_64-w64-mingw32/14.2.0/include"/>
					<Add directory="D:/codeblocks-25.03mingw-nosetup/MinGW/bin/../lib/gcc/x86_64-w64-mingw32/14.2.0/../../../../include"/>
					<Add directory="D:/codeblocks-25.03mingw-nosetup/MinGW/bin/../lib/gcc/x86_64-w64-mingw32/14.2.0/include-fixed"/>
					<Add directory="D:/codeblocks-25.03mingw-nosetup/MinGW/bin/../lib/gcc/x86_64-w64-mingw32/14.2.0/../../../../x86_64-w64-mingw32/include"/>
				</Compiler>
				<MakeCommands>
					<Build command="D:/codeblocks-25.03mingw-nosetup/MinGW/bin/mingw32-make.exe -f &quot;D:/Projects/quickjs/quickjs-master/master/Makefile&quot;  VERBOSE=1 test_fib"/>
					<CompileFile command="D:/codeblocks-25.03mingw-nosetup/MinGW/bin/mingw32-make.exe -f &quot;D:/Projects/quickjs/quickjs-master/master/Makefile&quot;  VERBOSE=1 &quot;$file&quot;"/>
					<Clean command="D:/codeblocks-25.03mingw-nosetup/MinGW/bin/mingw32-make.exe -f &quot;D:/Projects/quickjs/quickjs-master/master/Makefile&quot;  VERBOSE=1 clean"/>
					<DistClean command="D:/codeblocks-25.03mingw-nosetup/MinGW/bin/mingw32-make.exe -f &quot;D:/Projects/quickjs/quickjs-master/master/Makefile&quot;  VERBOSE=1 clean"/>
				</MakeCommands>
			</Target>
			<Target title="test_fib/fast">
				<Option output="D:/Projects/quickjs/quickjs-master/master/test_fib.exe" prefix_auto="0" extension_auto="0"/>
				<Option working_dir="D:/Projects/quickjs/quickjs-master/master"/>
				<Option object_output="./"/>
				<Option type="1"/>
				<Option compiler="gcc"/>
				<Compiler>
					<Add option="-D_GNU_SOURCE"/>
					<Add option="-DWIN32_LEAN_AND_MEAN"/>
					<Add option="-D_WIN32_WINNT=0x0601"/>
					<Add option="-DQJS_BUILD_EXAMPLES"/>
					<Add option="-DQJS_BUILD_CLI_STATIC"/>
					<Add directory="D:/Projects/quickjs/quickjs-master"/>
					<Add directory="D:/codeblocks-25.03mingw-nosetup/MinGW/bin/../lib/gcc/x86_64-w64-mingw32/14.2.0/include"/>
					<Add directory="D:/codeblocks-25.03mingw-nosetup/MinGW/bin/../lib/gcc/x86_64-w64-mingw32/14.2.0/../../../../include"/>
					<Add directory="D:/codeblocks-25.03mingw-nosetup/MinGW/bin/../lib/gcc/x86_64-w64-mingw32/14.2.0/include-fixed"/>
					<Add directory="D:/codeblocks-25.03mingw-nosetup/MinGW/bin/../lib/gcc/x86_64-w64-mingw32/14.2.0/../../../../x86_64-w64-mingw32/include"/>
				</Compiler>
				<MakeCommands>
					<Build command="D:/codeblocks-25.03mingw-nosetup/MinGW/bin/mingw32-make.exe -f &quot;D:/Projects/quickjs/quickjs-master/master/Makefile&quot;  VERBOSE=1 test_fib/fast"/>
					<CompileFile command="D:/codeblocks-25.03mingw-nosetup/MinGW/bin/mingw32-make.exe -f &quot;D:/Projects/quickjs/quickjs-master/master/Makefile&quot;  VERBOSE=1 &quot;$file&quot;"/>
					<Clean command="D:/codeblocks-25.03mingw-nosetup/MinGW/bin/mingw32-make.exe -f &quot;D:/Projects/quickjs/quickjs-master/master/Makefile&quot;  VERBOSE=1 clean"/>
					<DistClean command="D:/codeblocks-25.03mingw-nosetup/MinGW/bin/mingw32-make.exe -f &quot;D:/Projects/quickjs/quickjs-master/master/Makefile&quot;  VERBOSE=1 clean"/>
				</MakeCommands>
			</Target>
			<Target title="edit_cache">
				<Option working_dir="D:/Projects/quickjs/quickjs-master/master"/>
				<Option type="4"/>
				<MakeCommands>
					<Build command="D:/codeblocks-25.03mingw-nosetup/MinGW/bin/mingw32-make.exe -f &quot;D:/Projects/quickjs/quickjs-master/master/Makefile&quot;  VERBOSE=1 edit_cache"/>
					<CompileFile command="D:/codeblocks-25.03mingw-nosetup/MinGW/bin/mingw32-make.exe -f &quot;D:/Projects/quickjs/quickjs-master/master/Makefile&quot;  VERBOSE=1 &quot;$file&quot;"/>
					<Clean command="D:/codeblocks-25.03mingw-nosetup/MinGW/bin/mingw32-make.exe -f &quot;D:/Projects/quickjs/quickjs-master/master/Makefile&quot;  VERBOSE=1 clean"/>
					<DistClean command="D:/codeblocks-25.03mingw-nosetup/MinGW/bin/mingw32-make.exe -f &quot;D:/Projects/quickjs/quickjs-master/master/Makefile&quot;  VERBOSE=1 clean"/>
				</MakeCommands>
			</Target>
			<Target title="rebuild_cache">
				<Option working_dir="D:/Projects/quickjs/quickjs-master/master"/>
				<Option type="4"/>
				<MakeCommands>
					<Build command="D:/codeblocks-25.03mingw-nosetup/MinGW/bin/mingw32-make.exe -f &quot;D:/Projects/quickjs/quickjs-master/master/Makefile&quot;  VERBOSE=1 rebuild_cache"/>
					<CompileFile command="D:/codeblocks-25.03mingw-nosetup/MinGW/bin/mingw32-make.exe -f &quot;D:/Projects/quickjs/quickjs-master/master/Makefile&quot;  VERBOSE=1 &quot;$file&quot;"/>
					<Clean command="D:/codeblocks-25.03mingw-nosetup/MinGW/bin/mingw32-make.exe -f &quot;D:/Projects/quickjs/quickjs-master/master/Makefile&quot;  VERBOSE=1 clean"/>
					<DistClean command="D:/codeblocks-25.03mingw-nosetup/MinGW/bin/mingw32-make.exe -f &quot;D:/Projects/quickjs/quickjs-master/master/Makefile&quot;  VERBOSE=1 clean"/>
				</MakeCommands>
			</Target>
			<Target title="list_install_components">
				<Option working_dir="D:/Projects/quickjs/quickjs-master/master"/>
				<Option type="4"/>
				<MakeCommands>
					<Build command="D:/codeblocks-25.03mingw-nosetup/MinGW/bin/mingw32-make.exe -f &quot;D:/Projects/quickjs/quickjs-master/master/Makefile&quot;  VERBOSE=1 list_install_components"/>
					<CompileFile command="D:/codeblocks-25.03mingw-nosetup/MinGW/bin/mingw32-make.exe -f &quot;D:/Projects/quickjs/quickjs-master/master/Makefile&quot;  VERBOSE=1 &quot;$file&quot;"/>
					<Clean command="D:/codeblocks-25.03mingw-nosetup/MinGW/bin/mingw32-make.exe -f &quot;D:/Projects/quickjs/quickjs-master/master/Makefile&quot;  VERBOSE=1 clean"/>
					<DistClean command="D:/codeblocks-25.03mingw-nosetup/MinGW/bin/mingw32-make.exe -f &quot;D:/Projects/quickjs/quickjs-master/master/Makefile&quot;  VERBOSE=1 clean"/>
				</MakeCommands>
			</Target>
			<Target title="install">
				<Option working_dir="D:/Projects/quickjs/quickjs-master/master"/>
				<Option type="4"/>
				<MakeCommands>
					<Build command="D:/codeblocks-25.03mingw-nosetup/MinGW/bin/mingw32-make.exe -f &quot;D:/Projects/quickjs/quickjs-master/master/Makefile&quot;  VERBOSE=1 install"/>
					<CompileFile command="D:/codeblocks-25.03mingw-nosetup/MinGW/bin/mingw32-make.exe -f &quot;D:/Projects/quickjs/quickjs-master/master/Makefile&quot;  VERBOSE=1 &quot;$file&quot;"/>
					<Clean command="D:/codeblocks-25.03mingw-nosetup/MinGW/bin/mingw32-make.exe -f &quot;D:/Projects/quickjs/quickjs-master/master/Makefile&quot;  VERBOSE=1 clean"/>
					<DistClean command="D:/codeblocks-25.03mingw-nosetup/MinGW/bin/mingw32-make.exe -f &quot;D:/Projects/quickjs/quickjs-master/master/Makefile&quot;  VERBOSE=1 clean"/>
				</MakeCommands>
			</Target>
			<Target title="install/local">
				<Option working_dir="D:/Projects/quickjs/quickjs-master/master"/>
				<Option type="4"/>
				<MakeCommands>
					<Build command="D:/codeblocks-25.03mingw-nosetup/MinGW/bin/mingw32-make.exe -f &quot;D:/Projects/quickjs/quickjs-master/master/Makefile&quot;  VERBOSE=1 install/local"/>
					<CompileFile command="D:/codeblocks-25.03mingw-nosetup/MinGW/bin/mingw32-make.exe -f &quot;D:/Projects/quickjs/quickjs-master/master/Makefile&quot;  VERBOSE=1 &quot;$file&quot;"/>
					<Clean command="D:/codeblocks-25.03mingw-nosetup/MinGW/bin/mingw32-make.exe -f &quot;D:/Projects/quickjs/quickjs-master/master/Makefile&quot;  VERBOSE=1 clean"/>
					<DistClean command="D:/codeblocks-25.03mingw-nosetup/MinGW/bin/mingw32-make.exe -f &quot;D:/Projects/quickjs/quickjs-master/master/Makefile&quot;  VERBOSE=1 clean"/>
				</MakeCommands>
			</Target>
			<Target title="install/strip">
				<Option working_dir="D:/Projects/quickjs/quickjs-master/master"/>
				<Option type="4"/>
				<MakeCommands>
					<Build command="D:/codeblocks-25.03mingw-nosetup/MinGW/bin/mingw32-make.exe -f &quot;D:/Projects/quickjs/quickjs-master/master/Makefile&quot;  VERBOSE=1 install/strip"/>
					<CompileFile command="D:/codeblocks-25.03mingw-nosetup/MinGW/bin/mingw32-make.exe -f &quot;D:/Projects/quickjs/quickjs-master/master/Makefile&quot;  VERBOSE=1 &quot;$file&quot;"/>
					<Clean command="D:/codeblocks-25.03mingw-nosetup/MinGW/bin/mingw32-make.exe -f &quot;D:/Projects/quickjs/quickjs-master/master/Makefile&quot;  VERBOSE=1 clean"/>
					<DistClean command="D:/codeblocks-25.03mingw-nosetup/MinGW/bin/mingw32-make.exe -f &quot;D:/Projects/quickjs/quickjs-master/master/Makefile&quot;  VERBOSE=1 clean"/>
				</MakeCommands>
			</Target>
		</Build>
		<Unit filename="D:/Projects/quickjs/quickjs-master/api-test.c">
			<Option target="api-test"/>
		</Unit>
		<Unit filename="D:/Projects/quickjs/quickjs-master/cutils.c">
			<Option target="qjs"/>
			<Option target="unicode_gen"/>
		</Unit>
		<Unit filename="D:/Projects/quickjs/quickjs-master/cutils.h">
			<Option target="qjs"/>
			<Option target="unicode_gen"/>
		</Unit>
		<Unit filename="D:/Projects/quickjs/quickjs-master/dtoa.c">
			<Option target="qjs"/>
		</Unit>
		<Unit filename="D:/Projects/quickjs/quickjs-master/dtoa.h">
			<Option target="qjs"/>
		</Unit>
		<Unit filename="D:/Projects/quickjs/quickjs-master/examples/fib.c">
			<Option target="fib"/>
			<Option target="test_fib"/>
		</Unit>
		<Unit filename="D:/Projects/quickjs/quickjs-master/examples/point.c">
			<Option target="point"/>
		</Unit>
		<Unit filename="D:/Projects/quickjs/quickjs-master/gen/function_source.c">
			<Option target="function_source"/>
		</Unit>
		<Unit filename="D:/Projects/quickjs/quickjs-master/gen/hello.c">
			<Option target="hello"/>
		</Unit>
		<Unit filename="D:/Projects/quickjs/quickjs-master/gen/hello_module.c">
			<Option target="hello_module"/>
		</Unit>
		<Unit filename="D:/Projects/quickjs/quickjs-master/gen/repl.c">
			<Option target="qjs_exe"/>
		</Unit>
		<Unit filename="D:/Projects/quickjs/quickjs-master/gen/standalone.c">
			<Option target="qjs_exe"/>
		</Unit>
		<Unit filename="D:/Projects/quickjs/quickjs-master/gen/test_fib.c">
			<Option target="test_fib"/>
		</Unit>
		<Unit filename="D:/Projects/quickjs/quickjs-master/libregexp.c">
			<Option target="qjs"/>
		</Unit>
		<Unit filename="D:/Projects/quickjs/quickjs-master/libregexp.h">
			<Option target="qjs"/>
		</Unit>
		<Unit filename="D:/Projects/quickjs/quickjs-master/libunicode.c">
			<Option target="qjs"/>
			<Option target="unicode_gen"/>
		</Unit>
		<Unit filename="D:/Projects/quickjs/quickjs-master/libunicode.h">
			<Option target="qjs"/>
			<Option target="unicode_gen"/>
		</Unit>
		<Unit filename="D:/Projects/quickjs/quickjs-master/qar.c">
			<Option target="qjs"/>
		</Unit>
		<Unit filename="D:/Projects/quickjs/quickjs-master/qar.h">
			<Option target="qjs"/>
		</Unit>
		<Unit filename="D:/Projects/quickjs/quickjs-master/qjar.c">
			<Option target="qjar"/>
		</Unit>
		<Unit filename="D:/Projects/quickjs/quickjs-master/qjs.c">
			<Option target="qjs_exe"/>
		</Unit>
		<Unit filename="D:/Projects/quickjs/quickjs-master/qjsc.c">
			<Option target="qjsc"/>
		</Unit>
		<Unit filename="D:/Projects/quickjs/quickjs-master/quickjs-libc.c">
			<Option target="qjsc"/>
			<Option target="qjar"/>
			<Option target="qjs_exe"/>
			<Option target="run-test262"/>
			<Option target="test_qar_load"/>
			<Option target="function_source"/>
			<Option target="hello"/>
			<Option target="hello_module"/>
			<Option target="test_fib"/>
		</Unit>
		<Unit filename="D:/Projects/quickjs/quickjs-master/quickjs-libc.h">
			<Option target="qjsc"/>
			<Option target="qjar"/>
			<Option target="qjs_exe"/>
			<Option target="run-test262"/>
			<Option target="test_qar_load"/>
			<Option target="function_source"/>
			<Option target="hello"/>
			<Option target="hello_module"/>
			<Option target="test_fib"/>
		</Unit>
		<Unit filename="D:/Projects/quickjs/quickjs-master/quickjs.c">
			<Option target="qjs"/>
		</Unit>
		<Unit filename="D:/Projects/quickjs/quickjs-master/quickjs.h">
			<Option target="qjs"/>
		</Unit>
		<Unit filename="D:/Projects/quickjs/quickjs-master/run-test262.c">
			<Option target="run-test262"/>
		</Unit>
		<Unit filename="D:/Projects/quickjs/quickjs-master/tests/test_qar_load.c">
			<Option target="test_qar_load"/>
		</Unit>
		<Unit filename="D:/Projects/quickjs/quickjs-master/unicode_gen.c">
			<Option target="unicode_gen"/>
		</Unit>
		<Unit filename="D:/Projects/quickjs/quickjs-master/CMakeLists.txt">
			<Option virtualFolder="CMake Files\"/>
		</Unit>
	</Project>
</CodeBlocks_project_file>
